// !$*UTF8*$!
{
	archiveVersion = 1;
	classes = {
	};
	objectVersion = 51;
	objects = {

/* Begin PBXBuildFile section */
		71A50267299B7BF02B2636EE /* Pods_muslim.framework in Frameworks */ = {isa = PBXBuildFile; fileRef = 971E428D03E8A27E49315D8B /* Pods_muslim.framework */; };
		AA03437A2585B460007DE320 /* CompositeAppDelegate.swift in Sources */ = {isa = PBXBuildFile; fileRef = AA0343792585B460007DE320 /* CompositeAppDelegate.swift */; };
		AA03437E2585B659007DE320 /* AppDelegates.swift in Sources */ = {isa = PBXBuildFile; fileRef = AA03437D2585B659007DE320 /* AppDelegates.swift */; };
		AA0343812585B79F007DE320 /* CompositeSceneDelegate.swift in Sources */ = {isa = PBXBuildFile; fileRef = AA0343802585B79F007DE320 /* CompositeSceneDelegate.swift */; };
		AA0343842585BA24007DE320 /* SceneDelegates.swift in Sources */ = {isa = PBXBuildFile; fileRef = AA0343832585BA24007DE320 /* SceneDelegates.swift */; };
		AA03438C25861FE5007DE320 /* AppLifecycleMediator.swift in Sources */ = {isa = PBXBuildFile; fileRef = AA03438B25861FE5007DE320 /* AppLifecycleMediator.swift */; };
		AA0503B9257F8CD9007A1CD4 /* Parser.swift in Sources */ = {isa = PBXBuildFile; fileRef = AA0503B8257F8CD9007A1CD4 /* Parser.swift */; };
		AA16EDE125BD6E27007F77C9 /* QuranDefaultCell.swift in Sources */ = {isa = PBXBuildFile; fileRef = AA16EDE025BD6E27007F77C9 /* QuranDefaultCell.swift */; };
		AA16EDE525BDAFF2007F77C9 /* QuranDefaultCell.xib in Resources */ = {isa = PBXBuildFile; fileRef = AA16EDE425BDAFF2007F77C9 /* QuranDefaultCell.xib */; };
		AA16EDEE25BDCB0E007F77C9 /* QuranVersePresenter.swift in Sources */ = {isa = PBXBuildFile; fileRef = AA16EDE825BDCB0E007F77C9 /* QuranVersePresenter.swift */; };
		AA16EDEF25BDCB0E007F77C9 /* QuranVerseRouter.swift in Sources */ = {isa = PBXBuildFile; fileRef = AA16EDE925BDCB0E007F77C9 /* QuranVerseRouter.swift */; };
		AA16EDF025BDCB0E007F77C9 /* QuranVerseProtocols.swift in Sources */ = {isa = PBXBuildFile; fileRef = AA16EDEA25BDCB0E007F77C9 /* QuranVerseProtocols.swift */; };
		AA16EDF125BDCB0E007F77C9 /* QuranVerseInteractor.swift in Sources */ = {isa = PBXBuildFile; fileRef = AA16EDEB25BDCB0E007F77C9 /* QuranVerseInteractor.swift */; };
		AA16EDF225BDCB0E007F77C9 /* QuranVerseView.swift in Sources */ = {isa = PBXBuildFile; fileRef = AA16EDEC25BDCB0E007F77C9 /* QuranVerseView.swift */; };
		AA16EDF325BDCB0E007F77C9 /* QuranVerseView.xib in Resources */ = {isa = PBXBuildFile; fileRef = AA16EDED25BDCB0E007F77C9 /* QuranVerseView.xib */; };
		AA16EDF725BDCB53007F77C9 /* QuranVerseDefaultCell.swift in Sources */ = {isa = PBXBuildFile; fileRef = AA16EDF625BDCB53007F77C9 /* QuranVerseDefaultCell.swift */; };
		AA16EDFB25BDCB5F007F77C9 /* QuranVerseDefaultCell.xib in Resources */ = {isa = PBXBuildFile; fileRef = AA16EDFA25BDCB5F007F77C9 /* QuranVerseDefaultCell.xib */; };
		AA227C092581CFED00B205E5 /* MainQiblaCell.xib in Resources */ = {isa = PBXBuildFile; fileRef = AA227C082581CFED00B205E5 /* MainQiblaCell.xib */; };
		AA227C0C2581D00000B205E5 /* MainQiblaCell.swift in Sources */ = {isa = PBXBuildFile; fileRef = AA227C0B2581CFFF00B205E5 /* MainQiblaCell.swift */; };
		AA227C18258271FA00B205E5 /* LocalNotificationX.swift in Sources */ = {isa = PBXBuildFile; fileRef = AA227C17258271FA00B205E5 /* LocalNotificationX.swift */; };
		AA504AEE25B9D5E200CFAD60 /* QuranManager.swift in Sources */ = {isa = PBXBuildFile; fileRef = AA504AED25B9D5E200CFAD60 /* QuranManager.swift */; };
		AA686C9D258075CB00040110 /* Int+Ext.swift in Sources */ = {isa = PBXBuildFile; fileRef = AA686C9C258075CB00040110 /* Int+Ext.swift */; };
		AA686CA1258078F400040110 /* Constant.swift in Sources */ = {isa = PBXBuildFile; fileRef = AA686CA0258078F400040110 /* Constant.swift */; };
		AA686CA72580980200040110 /* MainTimeTableCell.xib in Resources */ = {isa = PBXBuildFile; fileRef = AA686CA62580980200040110 /* MainTimeTableCell.xib */; };
		AA686CAA2580980F00040110 /* MainTimeTableCell.swift in Sources */ = {isa = PBXBuildFile; fileRef = AA686CA92580980F00040110 /* MainTimeTableCell.swift */; };
		AA6B576E25B54AE9006A589A /* QuranPresenter.swift in Sources */ = {isa = PBXBuildFile; fileRef = AA6B576825B54AE9006A589A /* QuranPresenter.swift */; };
		AA6B576F25B54AE9006A589A /* QuranRouter.swift in Sources */ = {isa = PBXBuildFile; fileRef = AA6B576925B54AE9006A589A /* QuranRouter.swift */; };
		AA6B577025B54AE9006A589A /* QuranProtocols.swift in Sources */ = {isa = PBXBuildFile; fileRef = AA6B576A25B54AE9006A589A /* QuranProtocols.swift */; };
		AA6B577125B54AE9006A589A /* QuranInteractor.swift in Sources */ = {isa = PBXBuildFile; fileRef = AA6B576B25B54AE9006A589A /* QuranInteractor.swift */; };
		AA6B577225B54AE9006A589A /* QuranView.swift in Sources */ = {isa = PBXBuildFile; fileRef = AA6B576C25B54AE9006A589A /* QuranView.swift */; };
		AA6B577325B54AE9006A589A /* QuranView.xib in Resources */ = {isa = PBXBuildFile; fileRef = AA6B576D25B54AE9006A589A /* QuranView.xib */; };
		AA984BC2257E1B560008E31D /* AppDelegate.swift in Sources */ = {isa = PBXBuildFile; fileRef = AA984BC1257E1B560008E31D /* AppDelegate.swift */; };
		AA984BCB257E1B560008E31D /* Assets.xcassets in Resources */ = {isa = PBXBuildFile; fileRef = AA984BCA257E1B560008E31D /* Assets.xcassets */; };
		AA984C15257E35A90008E31D /* MainPresenter.swift in Sources */ = {isa = PBXBuildFile; fileRef = AA984C0F257E35A90008E31D /* MainPresenter.swift */; };
		AA984C16257E35A90008E31D /* MainRouter.swift in Sources */ = {isa = PBXBuildFile; fileRef = AA984C10257E35A90008E31D /* MainRouter.swift */; };
		AA984C17257E35A90008E31D /* MainProtocols.swift in Sources */ = {isa = PBXBuildFile; fileRef = AA984C11257E35A90008E31D /* MainProtocols.swift */; };
		AA984C18257E35A90008E31D /* MainInteractor.swift in Sources */ = {isa = PBXBuildFile; fileRef = AA984C12257E35A90008E31D /* MainInteractor.swift */; };
		AA984C19257E35A90008E31D /* MainView.swift in Sources */ = {isa = PBXBuildFile; fileRef = AA984C13257E35A90008E31D /* MainView.swift */; };
		AA984C1A257E35A90008E31D /* MainView.xib in Resources */ = {isa = PBXBuildFile; fileRef = AA984C14257E35A90008E31D /* MainView.xib */; };
		AA984C23257E38B50008E31D /* SceneDelegate.swift in Sources */ = {isa = PBXBuildFile; fileRef = AA984C22257E38B50008E31D /* SceneDelegate.swift */; };
		AA984C2B257E4CDE0008E31D /* LaunchScreen.storyboard in Resources */ = {isa = PBXBuildFile; fileRef = AA984C2A257E4CDE0008E31D /* LaunchScreen.storyboard */; };
		AA984C2F257E4FD00008E31D /* GoogleService-Info.plist in Resources */ = {isa = PBXBuildFile; fileRef = AA984C2E257E4FD00008E31D /* GoogleService-Info.plist */; };
		AA984C48257E62B70008E31D /* Identifier.swift in Sources */ = {isa = PBXBuildFile; fileRef = AA984C47257E62B70008E31D /* Identifier.swift */; };
		AA984C4D257E63230008E31D /* UIimage+Ext.swift in Sources */ = {isa = PBXBuildFile; fileRef = AA984C4C257E63230008E31D /* UIimage+Ext.swift */; };
		AA984C52257E64EA0008E31D /* MainClockCell.xib in Resources */ = {isa = PBXBuildFile; fileRef = AA984C51257E64EA0008E31D /* MainClockCell.xib */; };
		AA984C55257E64F50008E31D /* MainClockCell.swift in Sources */ = {isa = PBXBuildFile; fileRef = AA984C54257E64F50008E31D /* MainClockCell.swift */; };
		AA984C5C257E67400008E31D /* UIMFont.swift in Sources */ = {isa = PBXBuildFile; fileRef = AA984C5B257E67400008E31D /* UIMFont.swift */; };
		AA984C60257E68650008E31D /* UIMLabelTitle.swift in Sources */ = {isa = PBXBuildFile; fileRef = AA984C5F257E68650008E31D /* UIMLabelTitle.swift */; };
		AA984C63257E69100008E31D /* UIMLabelBody.swift in Sources */ = {isa = PBXBuildFile; fileRef = AA984C62257E69100008E31D /* UIMLabelBody.swift */; };
		AA984C67257E693B0008E31D /* UIMColor.swift in Sources */ = {isa = PBXBuildFile; fileRef = AA984C66257E693B0008E31D /* UIMColor.swift */; };
		AA984C6B257E6A610008E31D /* String+Ext.swift in Sources */ = {isa = PBXBuildFile; fileRef = AA984C6A257E6A610008E31D /* String+Ext.swift */; };
		AA984C6E257E6F3E0008E31D /* UIMLabelNote.swift in Sources */ = {isa = PBXBuildFile; fileRef = AA984C6D257E6F3E0008E31D /* UIMLabelNote.swift */; };
		AA984C71257E700E0008E31D /* UIColor+Ext.swift in Sources */ = {isa = PBXBuildFile; fileRef = AA984C70257E700E0008E31D /* UIColor+Ext.swift */; };
		AA984C74257E70350008E31D /* Debugger.swift in Sources */ = {isa = PBXBuildFile; fileRef = AA984C73257E70350008E31D /* Debugger.swift */; };
		AA99AAFF257FC50C0050C92D /* MuslimPrayerTimes.swift in Sources */ = {isa = PBXBuildFile; fileRef = AA99AAFE257FC50C0050C92D /* MuslimPrayerTimes.swift */; };
		AA99AB06257FC9500050C92D /* LocalizableDelegate.swift in Sources */ = {isa = PBXBuildFile; fileRef = AA99AB05257FC9500050C92D /* LocalizableDelegate.swift */; };
		AA99AB09257FC9750050C92D /* Localizable.swift in Sources */ = {isa = PBXBuildFile; fileRef = AA99AB08257FC9750050C92D /* Localizable.swift */; };
		AA99AB10257FCDF00050C92D /* Localizable.strings in Resources */ = {isa = PBXBuildFile; fileRef = AA99AB0F257FCDF00050C92D /* Localizable.strings */; };
		AA9C7E1725AB0E3B005A04AE /* AboutPresenter.swift in Sources */ = {isa = PBXBuildFile; fileRef = AA9C7E1125AB0E3B005A04AE /* AboutPresenter.swift */; };
		AA9C7E1825AB0E3B005A04AE /* AboutRouter.swift in Sources */ = {isa = PBXBuildFile; fileRef = AA9C7E1225AB0E3B005A04AE /* AboutRouter.swift */; };
		AA9C7E1925AB0E3B005A04AE /* AboutProtocols.swift in Sources */ = {isa = PBXBuildFile; fileRef = AA9C7E1325AB0E3B005A04AE /* AboutProtocols.swift */; };
		AA9C7E1A25AB0E3B005A04AE /* AboutInteractor.swift in Sources */ = {isa = PBXBuildFile; fileRef = AA9C7E1425AB0E3B005A04AE /* AboutInteractor.swift */; };
		AA9C7E1B25AB0E3B005A04AE /* AboutView.swift in Sources */ = {isa = PBXBuildFile; fileRef = AA9C7E1525AB0E3B005A04AE /* AboutView.swift */; };
		AA9C7E1C25AB0E3B005A04AE /* AboutView.xib in Resources */ = {isa = PBXBuildFile; fileRef = AA9C7E1625AB0E3B005A04AE /* AboutView.xib */; };
		AAA2573E25B16555004B4B50 /* PrayerManager.swift in Sources */ = {isa = PBXBuildFile; fileRef = AAA2573D25B16555004B4B50 /* PrayerManager.swift */; };
		AAA2575525B1C648004B4B50 /* adhan_fajr_1.wav in Resources */ = {isa = PBXBuildFile; fileRef = AAA2575325B1C648004B4B50 /* adhan_fajr_1.wav */; };
		AAA2575625B1C648004B4B50 /* adhan_mecca_1.wav in Resources */ = {isa = PBXBuildFile; fileRef = AAA2575425B1C648004B4B50 /* adhan_mecca_1.wav */; };
		AAA2575925B1D55D004B4B50 /* UIViewController+Ext.swift in Sources */ = {isa = PBXBuildFile; fileRef = AAA2575825B1D55D004B4B50 /* UIViewController+Ext.swift */; };
/* End PBXBuildFile section */

/* Begin PBXFileReference section */
		971E428D03E8A27E49315D8B /* Pods_muslim.framework */ = {isa = PBXFileReference; explicitFileType = wrapper.framework; includeInIndex = 0; path = Pods_muslim.framework; sourceTree = BUILT_PRODUCTS_DIR; };
		AA0343792585B460007DE320 /* CompositeAppDelegate.swift */ = {isa = PBXFileReference; lastKnownFileType = sourcecode.swift; path = CompositeAppDelegate.swift; sourceTree = "<group>"; };
		AA03437D2585B659007DE320 /* AppDelegates.swift */ = {isa = PBXFileReference; lastKnownFileType = sourcecode.swift; path = AppDelegates.swift; sourceTree = "<group>"; };
		AA0343802585B79F007DE320 /* CompositeSceneDelegate.swift */ = {isa = PBXFileReference; lastKnownFileType = sourcecode.swift; path = CompositeSceneDelegate.swift; sourceTree = "<group>"; };
		AA0343832585BA24007DE320 /* SceneDelegates.swift */ = {isa = PBXFileReference; lastKnownFileType = sourcecode.swift; path = SceneDelegates.swift; sourceTree = "<group>"; };
		AA03438B25861FE5007DE320 /* AppLifecycleMediator.swift */ = {isa = PBXFileReference; lastKnownFileType = sourcecode.swift; path = AppLifecycleMediator.swift; sourceTree = "<group>"; };
		AA0503B8257F8CD9007A1CD4 /* Parser.swift */ = {isa = PBXFileReference; lastKnownFileType = sourcecode.swift; path = Parser.swift; sourceTree = "<group>"; };
		AA16EDE025BD6E27007F77C9 /* QuranDefaultCell.swift */ = {isa = PBXFileReference; lastKnownFileType = sourcecode.swift; path = QuranDefaultCell.swift; sourceTree = "<group>"; };
		AA16EDE425BDAFF2007F77C9 /* QuranDefaultCell.xib */ = {isa = PBXFileReference; lastKnownFileType = file.xib; path = QuranDefaultCell.xib; sourceTree = "<group>"; };
		AA16EDE825BDCB0E007F77C9 /* QuranVersePresenter.swift */ = {isa = PBXFileReference; lastKnownFileType = sourcecode.swift; path = QuranVersePresenter.swift; sourceTree = "<group>"; };
		AA16EDE925BDCB0E007F77C9 /* QuranVerseRouter.swift */ = {isa = PBXFileReference; lastKnownFileType = sourcecode.swift; path = QuranVerseRouter.swift; sourceTree = "<group>"; };
		AA16EDEA25BDCB0E007F77C9 /* QuranVerseProtocols.swift */ = {isa = PBXFileReference; lastKnownFileType = sourcecode.swift; path = QuranVerseProtocols.swift; sourceTree = "<group>"; };
		AA16EDEB25BDCB0E007F77C9 /* QuranVerseInteractor.swift */ = {isa = PBXFileReference; lastKnownFileType = sourcecode.swift; path = QuranVerseInteractor.swift; sourceTree = "<group>"; };
		AA16EDEC25BDCB0E007F77C9 /* QuranVerseView.swift */ = {isa = PBXFileReference; lastKnownFileType = sourcecode.swift; path = QuranVerseView.swift; sourceTree = "<group>"; };
		AA16EDED25BDCB0E007F77C9 /* QuranVerseView.xib */ = {isa = PBXFileReference; lastKnownFileType = file.xib; path = QuranVerseView.xib; sourceTree = "<group>"; };
		AA16EDF625BDCB53007F77C9 /* QuranVerseDefaultCell.swift */ = {isa = PBXFileReference; lastKnownFileType = sourcecode.swift; path = QuranVerseDefaultCell.swift; sourceTree = "<group>"; };
		AA16EDFA25BDCB5F007F77C9 /* QuranVerseDefaultCell.xib */ = {isa = PBXFileReference; lastKnownFileType = file.xib; path = QuranVerseDefaultCell.xib; sourceTree = "<group>"; };
		AA227C082581CFED00B205E5 /* MainQiblaCell.xib */ = {isa = PBXFileReference; lastKnownFileType = file.xib; path = MainQiblaCell.xib; sourceTree = "<group>"; };
		AA227C0B2581CFFF00B205E5 /* MainQiblaCell.swift */ = {isa = PBXFileReference; lastKnownFileType = sourcecode.swift; path = MainQiblaCell.swift; sourceTree = "<group>"; };
		AA227C17258271FA00B205E5 /* LocalNotificationX.swift */ = {isa = PBXFileReference; lastKnownFileType = sourcecode.swift; name = LocalNotificationX.swift; path = "muslim/app-settings/LocalNotificationX.swift"; sourceTree = SOURCE_ROOT; };
		AA504AED25B9D5E200CFAD60 /* QuranManager.swift */ = {isa = PBXFileReference; lastKnownFileType = sourcecode.swift; path = QuranManager.swift; sourceTree = "<group>"; };
		AA686C9C258075CB00040110 /* Int+Ext.swift */ = {isa = PBXFileReference; lastKnownFileType = sourcecode.swift; path = "Int+Ext.swift"; sourceTree = "<group>"; };
		AA686CA0258078F400040110 /* Constant.swift */ = {isa = PBXFileReference; lastKnownFileType = sourcecode.swift; path = Constant.swift; sourceTree = "<group>"; };
		AA686CA62580980200040110 /* MainTimeTableCell.xib */ = {isa = PBXFileReference; lastKnownFileType = file.xib; path = MainTimeTableCell.xib; sourceTree = "<group>"; };
		AA686CA92580980F00040110 /* MainTimeTableCell.swift */ = {isa = PBXFileReference; lastKnownFileType = sourcecode.swift; path = MainTimeTableCell.swift; sourceTree = "<group>"; };
		AA6B576825B54AE9006A589A /* QuranPresenter.swift */ = {isa = PBXFileReference; lastKnownFileType = sourcecode.swift; path = QuranPresenter.swift; sourceTree = "<group>"; };
		AA6B576925B54AE9006A589A /* QuranRouter.swift */ = {isa = PBXFileReference; lastKnownFileType = sourcecode.swift; path = QuranRouter.swift; sourceTree = "<group>"; };
		AA6B576A25B54AE9006A589A /* QuranProtocols.swift */ = {isa = PBXFileReference; lastKnownFileType = sourcecode.swift; path = QuranProtocols.swift; sourceTree = "<group>"; };
		AA6B576B25B54AE9006A589A /* QuranInteractor.swift */ = {isa = PBXFileReference; lastKnownFileType = sourcecode.swift; path = QuranInteractor.swift; sourceTree = "<group>"; };
		AA6B576C25B54AE9006A589A /* QuranView.swift */ = {isa = PBXFileReference; lastKnownFileType = sourcecode.swift; path = QuranView.swift; sourceTree = "<group>"; };
		AA6B576D25B54AE9006A589A /* QuranView.xib */ = {isa = PBXFileReference; lastKnownFileType = file.xib; path = QuranView.xib; sourceTree = "<group>"; };
		AA984BBE257E1B560008E31D /* muslim.app */ = {isa = PBXFileReference; explicitFileType = wrapper.application; includeInIndex = 0; path = muslim.app; sourceTree = BUILT_PRODUCTS_DIR; };
		AA984BC1257E1B560008E31D /* AppDelegate.swift */ = {isa = PBXFileReference; lastKnownFileType = sourcecode.swift; path = AppDelegate.swift; sourceTree = "<group>"; };
		AA984BCA257E1B560008E31D /* Assets.xcassets */ = {isa = PBXFileReference; lastKnownFileType = folder.assetcatalog; path = Assets.xcassets; sourceTree = "<group>"; };
		AA984BCF257E1B560008E31D /* Info.plist */ = {isa = PBXFileReference; lastKnownFileType = text.plist.xml; path = Info.plist; sourceTree = "<group>"; };
		AA984C0F257E35A90008E31D /* MainPresenter.swift */ = {isa = PBXFileReference; lastKnownFileType = sourcecode.swift; path = MainPresenter.swift; sourceTree = "<group>"; };
		AA984C10257E35A90008E31D /* MainRouter.swift */ = {isa = PBXFileReference; lastKnownFileType = sourcecode.swift; path = MainRouter.swift; sourceTree = "<group>"; };
		AA984C11257E35A90008E31D /* MainProtocols.swift */ = {isa = PBXFileReference; lastKnownFileType = sourcecode.swift; path = MainProtocols.swift; sourceTree = "<group>"; };
		AA984C12257E35A90008E31D /* MainInteractor.swift */ = {isa = PBXFileReference; lastKnownFileType = sourcecode.swift; path = MainInteractor.swift; sourceTree = "<group>"; };
		AA984C13257E35A90008E31D /* MainView.swift */ = {isa = PBXFileReference; lastKnownFileType = sourcecode.swift; path = MainView.swift; sourceTree = "<group>"; };
		AA984C14257E35A90008E31D /* MainView.xib */ = {isa = PBXFileReference; lastKnownFileType = file.xib; path = MainView.xib; sourceTree = "<group>"; };
		AA984C22257E38B50008E31D /* SceneDelegate.swift */ = {isa = PBXFileReference; fileEncoding = 4; lastKnownFileType = sourcecode.swift; path = SceneDelegate.swift; sourceTree = "<group>"; };
		AA984C2A257E4CDE0008E31D /* LaunchScreen.storyboard */ = {isa = PBXFileReference; lastKnownFileType = file.storyboard; path = LaunchScreen.storyboard; sourceTree = "<group>"; };
		AA984C2E257E4FD00008E31D /* GoogleService-Info.plist */ = {isa = PBXFileReference; fileEncoding = 4; lastKnownFileType = text.plist.xml; path = "GoogleService-Info.plist"; sourceTree = "<group>"; };
		AA984C47257E62B70008E31D /* Identifier.swift */ = {isa = PBXFileReference; lastKnownFileType = sourcecode.swift; path = Identifier.swift; sourceTree = "<group>"; };
		AA984C4C257E63230008E31D /* UIimage+Ext.swift */ = {isa = PBXFileReference; lastKnownFileType = sourcecode.swift; path = "UIimage+Ext.swift"; sourceTree = "<group>"; };
		AA984C51257E64EA0008E31D /* MainClockCell.xib */ = {isa = PBXFileReference; lastKnownFileType = file.xib; path = MainClockCell.xib; sourceTree = "<group>"; };
		AA984C54257E64F50008E31D /* MainClockCell.swift */ = {isa = PBXFileReference; lastKnownFileType = sourcecode.swift; path = MainClockCell.swift; sourceTree = "<group>"; };
		AA984C5B257E67400008E31D /* UIMFont.swift */ = {isa = PBXFileReference; lastKnownFileType = sourcecode.swift; path = UIMFont.swift; sourceTree = "<group>"; };
		AA984C5F257E68650008E31D /* UIMLabelTitle.swift */ = {isa = PBXFileReference; lastKnownFileType = sourcecode.swift; path = UIMLabelTitle.swift; sourceTree = "<group>"; };
		AA984C62257E69100008E31D /* UIMLabelBody.swift */ = {isa = PBXFileReference; lastKnownFileType = sourcecode.swift; path = UIMLabelBody.swift; sourceTree = "<group>"; };
		AA984C66257E693B0008E31D /* UIMColor.swift */ = {isa = PBXFileReference; lastKnownFileType = sourcecode.swift; path = UIMColor.swift; sourceTree = "<group>"; };
		AA984C6A257E6A610008E31D /* String+Ext.swift */ = {isa = PBXFileReference; lastKnownFileType = sourcecode.swift; path = "String+Ext.swift"; sourceTree = "<group>"; };
		AA984C6D257E6F3E0008E31D /* UIMLabelNote.swift */ = {isa = PBXFileReference; lastKnownFileType = sourcecode.swift; path = UIMLabelNote.swift; sourceTree = "<group>"; };
		AA984C70257E700E0008E31D /* UIColor+Ext.swift */ = {isa = PBXFileReference; lastKnownFileType = sourcecode.swift; path = "UIColor+Ext.swift"; sourceTree = "<group>"; };
		AA984C73257E70350008E31D /* Debugger.swift */ = {isa = PBXFileReference; lastKnownFileType = sourcecode.swift; path = Debugger.swift; sourceTree = "<group>"; };
		AA99AAFE257FC50C0050C92D /* MuslimPrayerTimes.swift */ = {isa = PBXFileReference; lastKnownFileType = sourcecode.swift; path = MuslimPrayerTimes.swift; sourceTree = "<group>"; };
		AA99AB05257FC9500050C92D /* LocalizableDelegate.swift */ = {isa = PBXFileReference; lastKnownFileType = sourcecode.swift; path = LocalizableDelegate.swift; sourceTree = "<group>"; };
		AA99AB08257FC9750050C92D /* Localizable.swift */ = {isa = PBXFileReference; lastKnownFileType = sourcecode.swift; path = Localizable.swift; sourceTree = "<group>"; };
		AA99AB0F257FCDF00050C92D /* Localizable.strings */ = {isa = PBXFileReference; lastKnownFileType = text.plist.strings; path = Localizable.strings; sourceTree = "<group>"; };
		AA9C7E1125AB0E3B005A04AE /* AboutPresenter.swift */ = {isa = PBXFileReference; lastKnownFileType = sourcecode.swift; path = AboutPresenter.swift; sourceTree = "<group>"; };
		AA9C7E1225AB0E3B005A04AE /* AboutRouter.swift */ = {isa = PBXFileReference; lastKnownFileType = sourcecode.swift; path = AboutRouter.swift; sourceTree = "<group>"; };
		AA9C7E1325AB0E3B005A04AE /* AboutProtocols.swift */ = {isa = PBXFileReference; lastKnownFileType = sourcecode.swift; path = AboutProtocols.swift; sourceTree = "<group>"; };
		AA9C7E1425AB0E3B005A04AE /* AboutInteractor.swift */ = {isa = PBXFileReference; lastKnownFileType = sourcecode.swift; path = AboutInteractor.swift; sourceTree = "<group>"; };
		AA9C7E1525AB0E3B005A04AE /* AboutView.swift */ = {isa = PBXFileReference; lastKnownFileType = sourcecode.swift; path = AboutView.swift; sourceTree = "<group>"; };
		AA9C7E1625AB0E3B005A04AE /* AboutView.xib */ = {isa = PBXFileReference; lastKnownFileType = file.xib; path = AboutView.xib; sourceTree = "<group>"; };
		AAA2573D25B16555004B4B50 /* PrayerManager.swift */ = {isa = PBXFileReference; lastKnownFileType = sourcecode.swift; path = PrayerManager.swift; sourceTree = "<group>"; };
		AAA2575325B1C648004B4B50 /* adhan_fajr_1.wav */ = {isa = PBXFileReference; lastKnownFileType = audio.wav; path = adhan_fajr_1.wav; sourceTree = "<group>"; };
		AAA2575425B1C648004B4B50 /* adhan_mecca_1.wav */ = {isa = PBXFileReference; lastKnownFileType = audio.wav; path = adhan_mecca_1.wav; sourceTree = "<group>"; };
		AAA2575825B1D55D004B4B50 /* UIViewController+Ext.swift */ = {isa = PBXFileReference; lastKnownFileType = sourcecode.swift; path = "UIViewController+Ext.swift"; sourceTree = "<group>"; };
		DFA87B65178B0D54D6B617EA /* Pods-muslim.debug.xcconfig */ = {isa = PBXFileReference; includeInIndex = 1; lastKnownFileType = text.xcconfig; name = "Pods-muslim.debug.xcconfig"; path = "Target Support Files/Pods-muslim/Pods-muslim.debug.xcconfig"; sourceTree = "<group>"; };
		F50D781C48D2CD6162E6F581 /* Pods-muslim.release.xcconfig */ = {isa = PBXFileReference; includeInIndex = 1; lastKnownFileType = text.xcconfig; name = "Pods-muslim.release.xcconfig"; path = "Target Support Files/Pods-muslim/Pods-muslim.release.xcconfig"; sourceTree = "<group>"; };
/* End PBXFileReference section */

/* Begin PBXFrameworksBuildPhase section */
		AA984BBB257E1B560008E31D /* Frameworks */ = {
			isa = PBXFrameworksBuildPhase;
			buildActionMask = 2147483647;
			files = (
				71A50267299B7BF02B2636EE /* Pods_muslim.framework in Frameworks */,
			);
			runOnlyForDeploymentPostprocessing = 0;
		};
/* End PBXFrameworksBuildPhase section */

/* Begin PBXGroup section */
		368DADB164714780ECA7C1A8 /* Pods */ = {
			isa = PBXGroup;
			children = (
				DFA87B65178B0D54D6B617EA /* Pods-muslim.debug.xcconfig */,
				F50D781C48D2CD6162E6F581 /* Pods-muslim.release.xcconfig */,
			);
			path = Pods;
			sourceTree = "<group>";
		};
		6C73A047EF141E52204D5C40 /* Frameworks */ = {
			isa = PBXGroup;
			children = (
				971E428D03E8A27E49315D8B /* Pods_muslim.framework */,
			);
			name = Frameworks;
			sourceTree = "<group>";
		};
		AA0343782585B449007DE320 /* Composite */ = {
			isa = PBXGroup;
			children = (
				AA0343792585B460007DE320 /* CompositeAppDelegate.swift */,
				AA03437D2585B659007DE320 /* AppDelegates.swift */,
				AA0343802585B79F007DE320 /* CompositeSceneDelegate.swift */,
				AA0343832585BA24007DE320 /* SceneDelegates.swift */,
			);
			path = Composite;
			sourceTree = "<group>";
		};
		AA03438A25861FBF007DE320 /* Mediator */ = {
			isa = PBXGroup;
			children = (
				AA03438B25861FE5007DE320 /* AppLifecycleMediator.swift */,
			);
			path = Mediator;
			sourceTree = "<group>";
		};
		AA16EDDF25BD6E12007F77C9 /* cell */ = {
			isa = PBXGroup;
			children = (
				AA16EDE025BD6E27007F77C9 /* QuranDefaultCell.swift */,
				AA16EDE425BDAFF2007F77C9 /* QuranDefaultCell.xib */,
			);
			path = cell;
			sourceTree = "<group>";
		};
		AA16EDE725BDCAF4007F77C9 /* feature-quran-verse */ = {
			isa = PBXGroup;
			children = (
				AA16EDF525BDCB1A007F77C9 /* cell */,
				AA16EDE825BDCB0E007F77C9 /* QuranVersePresenter.swift */,
				AA16EDE925BDCB0E007F77C9 /* QuranVerseRouter.swift */,
				AA16EDEA25BDCB0E007F77C9 /* QuranVerseProtocols.swift */,
				AA16EDEB25BDCB0E007F77C9 /* QuranVerseInteractor.swift */,
				AA16EDEC25BDCB0E007F77C9 /* QuranVerseView.swift */,
				AA16EDED25BDCB0E007F77C9 /* QuranVerseView.xib */,
			);
			path = "feature-quran-verse";
			sourceTree = "<group>";
		};
		AA16EDF525BDCB1A007F77C9 /* cell */ = {
			isa = PBXGroup;
			children = (
				AA16EDF625BDCB53007F77C9 /* QuranVerseDefaultCell.swift */,
				AA16EDFA25BDCB5F007F77C9 /* QuranVerseDefaultCell.xib */,
			);
			path = cell;
			sourceTree = "<group>";
		};
		AA227C15258271CD00B205E5 /* app-helper */ = {
			isa = PBXGroup;
			children = (
				AA227C16258271DF00B205E5 /* LocalNotificationX */,
			);
			path = "app-helper";
			sourceTree = "<group>";
		};
		AA227C16258271DF00B205E5 /* LocalNotificationX */ = {
			isa = PBXGroup;
			children = (
				AA227C17258271FA00B205E5 /* LocalNotificationX.swift */,
			);
			path = LocalNotificationX;
			sourceTree = "<group>";
		};
		AA686C9F258078DB00040110 /* app-settings */ = {
			isa = PBXGroup;
			children = (
				AA686CA0258078F400040110 /* Constant.swift */,
			);
			path = "app-settings";
			sourceTree = "<group>";
		};
		AA6B576725B54ACE006A589A /* feature-quran */ = {
			isa = PBXGroup;
			children = (
				AA16EDDF25BD6E12007F77C9 /* cell */,
				AA6B576825B54AE9006A589A /* QuranPresenter.swift */,
				AA6B576925B54AE9006A589A /* QuranRouter.swift */,
				AA6B576A25B54AE9006A589A /* QuranProtocols.swift */,
				AA6B576B25B54AE9006A589A /* QuranInteractor.swift */,
				AA6B576C25B54AE9006A589A /* QuranView.swift */,
				AA6B576D25B54AE9006A589A /* QuranView.xib */,
			);
			path = "feature-quran";
			sourceTree = "<group>";
		};
		AA82A35225885A07005932A6 /* Sound */ = {
			isa = PBXGroup;
			children = (
				AAA2575325B1C648004B4B50 /* adhan_fajr_1.wav */,
				AAA2575425B1C648004B4B50 /* adhan_mecca_1.wav */,
			);
			path = Sound;
			sourceTree = "<group>";
		};
		AA984BB5257E1B560008E31D = {
			isa = PBXGroup;
			children = (
				AA984BC0257E1B560008E31D /* muslim */,
				AA984BBF257E1B560008E31D /* Products */,
				368DADB164714780ECA7C1A8 /* Pods */,
				6C73A047EF141E52204D5C40 /* Frameworks */,
			);
			sourceTree = "<group>";
		};
		AA984BBF257E1B560008E31D /* Products */ = {
			isa = PBXGroup;
			children = (
				AA984BBE257E1B560008E31D /* muslim.app */,
			);
			name = Products;
			sourceTree = "<group>";
		};
		AA984BC0257E1B560008E31D /* muslim */ = {
			isa = PBXGroup;
			children = (
				AA227C15258271CD00B205E5 /* app-helper */,
				AA686C9F258078DB00040110 /* app-settings */,
				AA984C57257E66DD0008E31D /* app-muslimkit */,
				AA984C4B257E630D0008E31D /* app-extension */,
				AA984C46257E62A60008E31D /* app-common */,
				AA984C0D257E35840008E31D /* app-feature */,
				AA984BCF257E1B560008E31D /* Info.plist */,
				AA984C0A257E34F30008E31D /* app-support */,
			);
			path = muslim;
			sourceTree = "<group>";
		};
		AA984C0A257E34F30008E31D /* app-support */ = {
			isa = PBXGroup;
			children = (
				AA82A35225885A07005932A6 /* Sound */,
				AA03438A25861FBF007DE320 /* Mediator */,
				AA0343782585B449007DE320 /* Composite */,
				AA984C2E257E4FD00008E31D /* GoogleService-Info.plist */,
				AA984BCA257E1B560008E31D /* Assets.xcassets */,
				AA984C22257E38B50008E31D /* SceneDelegate.swift */,
				AA984BC1257E1B560008E31D /* AppDelegate.swift */,
				AA984C2A257E4CDE0008E31D /* LaunchScreen.storyboard */,
			);
			path = "app-support";
			sourceTree = "<group>";
		};
		AA984C0D257E35840008E31D /* app-feature */ = {
			isa = PBXGroup;
			children = (
				AA16EDE725BDCAF4007F77C9 /* feature-quran-verse */,
				AA6B576725B54ACE006A589A /* feature-quran */,
				AA9C7E1025AAFC9D005A04AE /* feature-about */,
				AA99AAFD257FC4E60050C92D /* feature-app-service */,
				AA984C0E257E358E0008E31D /* feature-main */,
			);
			path = "app-feature";
			sourceTree = "<group>";
		};
		AA984C0E257E358E0008E31D /* feature-main */ = {
			isa = PBXGroup;
			children = (
				AA984C50257E64AA0008E31D /* cell */,
				AA984C0F257E35A90008E31D /* MainPresenter.swift */,
				AA984C10257E35A90008E31D /* MainRouter.swift */,
				AA984C11257E35A90008E31D /* MainProtocols.swift */,
				AA984C12257E35A90008E31D /* MainInteractor.swift */,
				AA984C13257E35A90008E31D /* MainView.swift */,
				AA984C14257E35A90008E31D /* MainView.xib */,
			);
			path = "feature-main";
			sourceTree = "<group>";
		};
		AA984C46257E62A60008E31D /* app-common */ = {
			isa = PBXGroup;
			children = (
				AA99AB01257FC8FB0050C92D /* Localize */,
				AA984C47257E62B70008E31D /* Identifier.swift */,
				AA984C73257E70350008E31D /* Debugger.swift */,
				AA0503B8257F8CD9007A1CD4 /* Parser.swift */,
			);
			path = "app-common";
			sourceTree = "<group>";
		};
		AA984C4B257E630D0008E31D /* app-extension */ = {
			isa = PBXGroup;
			children = (
				AA984C4C257E63230008E31D /* UIimage+Ext.swift */,
				AA984C6A257E6A610008E31D /* String+Ext.swift */,
				AA984C70257E700E0008E31D /* UIColor+Ext.swift */,
				AA686C9C258075CB00040110 /* Int+Ext.swift */,
				AAA2575825B1D55D004B4B50 /* UIViewController+Ext.swift */,
			);
			path = "app-extension";
			sourceTree = "<group>";
		};
		AA984C50257E64AA0008E31D /* cell */ = {
			isa = PBXGroup;
			children = (
				AA984C51257E64EA0008E31D /* MainClockCell.xib */,
				AA984C54257E64F50008E31D /* MainClockCell.swift */,
				AA686CA62580980200040110 /* MainTimeTableCell.xib */,
				AA686CA92580980F00040110 /* MainTimeTableCell.swift */,
				AA227C082581CFED00B205E5 /* MainQiblaCell.xib */,
				AA227C0B2581CFFF00B205E5 /* MainQiblaCell.swift */,
			);
			path = cell;
			sourceTree = "<group>";
		};
		AA984C57257E66DD0008E31D /* app-muslimkit */ = {
			isa = PBXGroup;
			children = (
				AA984C65257E69260008E31D /* UIMColor */,
				AA984C5A257E672C0008E31D /* UIMFont */,
				AA984C58257E66E80008E31D /* UIMLabel */,
			);
			path = "app-muslimkit";
			sourceTree = "<group>";
		};
		AA984C58257E66E80008E31D /* UIMLabel */ = {
			isa = PBXGroup;
			children = (
				AA984C5F257E68650008E31D /* UIMLabelTitle.swift */,
				AA984C62257E69100008E31D /* UIMLabelBody.swift */,
				AA984C6D257E6F3E0008E31D /* UIMLabelNote.swift */,
			);
			path = UIMLabel;
			sourceTree = "<group>";
		};
		AA984C5A257E672C0008E31D /* UIMFont */ = {
			isa = PBXGroup;
			children = (
				AA984C5B257E67400008E31D /* UIMFont.swift */,
			);
			path = UIMFont;
			sourceTree = "<group>";
		};
		AA984C65257E69260008E31D /* UIMColor */ = {
			isa = PBXGroup;
			children = (
				AA984C66257E693B0008E31D /* UIMColor.swift */,
			);
			path = UIMColor;
			sourceTree = "<group>";
		};
		AA99AAFD257FC4E60050C92D /* feature-app-service */ = {
			isa = PBXGroup;
			children = (
				AA99AAFE257FC50C0050C92D /* MuslimPrayerTimes.swift */,
				AAA2573D25B16555004B4B50 /* PrayerManager.swift */,
				AA504AED25B9D5E200CFAD60 /* QuranManager.swift */,
			);
			path = "feature-app-service";
			sourceTree = "<group>";
		};
		AA99AB01257FC8FB0050C92D /* Localize */ = {
			isa = PBXGroup;
			children = (
				AA99AB05257FC9500050C92D /* LocalizableDelegate.swift */,
				AA99AB08257FC9750050C92D /* Localizable.swift */,
				AA99AB0F257FCDF00050C92D /* Localizable.strings */,
			);
			path = Localize;
			sourceTree = "<group>";
		};
		AA9C7E1025AAFC9D005A04AE /* feature-about */ = {
			isa = PBXGroup;
			children = (
				AA9C7E1125AB0E3B005A04AE /* AboutPresenter.swift */,
				AA9C7E1225AB0E3B005A04AE /* AboutRouter.swift */,
				AA9C7E1325AB0E3B005A04AE /* AboutProtocols.swift */,
				AA9C7E1425AB0E3B005A04AE /* AboutInteractor.swift */,
				AA9C7E1525AB0E3B005A04AE /* AboutView.swift */,
				AA9C7E1625AB0E3B005A04AE /* AboutView.xib */,
			);
			path = "feature-about";
			sourceTree = "<group>";
		};
/* End PBXGroup section */

/* Begin PBXNativeTarget section */
		AA984BBD257E1B560008E31D /* muslim */ = {
			isa = PBXNativeTarget;
			buildConfigurationList = AA984BD2257E1B560008E31D /* Build configuration list for PBXNativeTarget "muslim" */;
			buildPhases = (
				986844FCDB09D8A694355D8B /* [CP] Check Pods Manifest.lock */,
				AA984BBA257E1B560008E31D /* Sources */,
				AA984BBB257E1B560008E31D /* Frameworks */,
				AA984BBC257E1B560008E31D /* Resources */,
				E1ABF84CACAA8AB35A2EEE1D /* [CP] Embed Pods Frameworks */,
				AA984C31257E50AF0008E31D /* ShellScript */,
			);
			buildRules = (
			);
			dependencies = (
			);
			name = muslim;
			productName = muslim;
			productReference = AA984BBE257E1B560008E31D /* muslim.app */;
			productType = "com.apple.product-type.application";
		};
/* End PBXNativeTarget section */

/* Begin PBXProject section */
		AA984BB6257E1B560008E31D /* Project object */ = {
			isa = PBXProject;
			attributes = {
				LastSwiftUpdateCheck = 1220;
				LastUpgradeCheck = 1220;
				TargetAttributes = {
					AA984BBD257E1B560008E31D = {
						CreatedOnToolsVersion = 12.2;
					};
				};
			};
			buildConfigurationList = AA984BB9257E1B560008E31D /* Build configuration list for PBXProject "muslim" */;
			compatibilityVersion = "Xcode 9.3";
			developmentRegion = en;
			hasScannedForEncodings = 0;
			knownRegions = (
				en,
				Base,
			);
			mainGroup = AA984BB5257E1B560008E31D;
			productRefGroup = AA984BBF257E1B560008E31D /* Products */;
			projectDirPath = "";
			projectRoot = "";
			targets = (
				AA984BBD257E1B560008E31D /* muslim */,
			);
		};
/* End PBXProject section */

/* Begin PBXResourcesBuildPhase section */
		AA984BBC257E1B560008E31D /* Resources */ = {
			isa = PBXResourcesBuildPhase;
			buildActionMask = 2147483647;
			files = (
				AA6B577325B54AE9006A589A /* QuranView.xib in Resources */,
				AA227C092581CFED00B205E5 /* MainQiblaCell.xib in Resources */,
				AA16EDFB25BDCB5F007F77C9 /* QuranVerseDefaultCell.xib in Resources */,
				AA9C7E1C25AB0E3B005A04AE /* AboutView.xib in Resources */,
				AAA2575525B1C648004B4B50 /* adhan_fajr_1.wav in Resources */,
				AA16EDE525BDAFF2007F77C9 /* QuranDefaultCell.xib in Resources */,
				AA984C2B257E4CDE0008E31D /* LaunchScreen.storyboard in Resources */,
				AA686CA72580980200040110 /* MainTimeTableCell.xib in Resources */,
				AA99AB10257FCDF00050C92D /* Localizable.strings in Resources */,
				AA16EDF325BDCB0E007F77C9 /* QuranVerseView.xib in Resources */,
				AA984C52257E64EA0008E31D /* MainClockCell.xib in Resources */,
				AA984C2F257E4FD00008E31D /* GoogleService-Info.plist in Resources */,
				AA984C1A257E35A90008E31D /* MainView.xib in Resources */,
				AAA2575625B1C648004B4B50 /* adhan_mecca_1.wav in Resources */,
				AA984BCB257E1B560008E31D /* Assets.xcassets in Resources */,
			);
			runOnlyForDeploymentPostprocessing = 0;
		};
/* End PBXResourcesBuildPhase section */

/* Begin PBXShellScriptBuildPhase section */
		986844FCDB09D8A694355D8B /* [CP] Check Pods Manifest.lock */ = {
			isa = PBXShellScriptBuildPhase;
			buildActionMask = 2147483647;
			files = (
			);
			inputFileListPaths = (
			);
			inputPaths = (
				"${PODS_PODFILE_DIR_PATH}/Podfile.lock",
				"${PODS_ROOT}/Manifest.lock",
			);
			name = "[CP] Check Pods Manifest.lock";
			outputFileListPaths = (
			);
			outputPaths = (
				"$(DERIVED_FILE_DIR)/Pods-muslim-checkManifestLockResult.txt",
			);
			runOnlyForDeploymentPostprocessing = 0;
			shellPath = /bin/sh;
			shellScript = "diff \"${PODS_PODFILE_DIR_PATH}/Podfile.lock\" \"${PODS_ROOT}/Manifest.lock\" > /dev/null\nif [ $? != 0 ] ; then\n    # print error to STDERR\n    echo \"error: The sandbox is not in sync with the Podfile.lock. Run 'pod install' or update your CocoaPods installation.\" >&2\n    exit 1\nfi\n# This output is used by Xcode 'outputs' to avoid re-running this script phase.\necho \"SUCCESS\" > \"${SCRIPT_OUTPUT_FILE_0}\"\n";
			showEnvVarsInLog = 0;
		};
		AA984C31257E50AF0008E31D /* ShellScript */ = {
			isa = PBXShellScriptBuildPhase;
			buildActionMask = 2147483647;
			files = (
			);
			inputFileListPaths = (
			);
			inputPaths = (
				"$(SRCROOT)/$(BUILT_PRODUCTS_DIR)/$(INFOPLIST_PATH)",
			);
			outputFileListPaths = (
			);
			outputPaths = (
			);
			runOnlyForDeploymentPostprocessing = 0;
			shellPath = /bin/sh;
			shellScript = "# Type a script or drag a script file from your workspace to insert its path.\n\"${PODS_ROOT}/FirebaseCrashlytics/run\"\n";
		};
		E1ABF84CACAA8AB35A2EEE1D /* [CP] Embed Pods Frameworks */ = {
			isa = PBXShellScriptBuildPhase;
			buildActionMask = 2147483647;
			files = (
			);
			inputFileListPaths = (
				"${PODS_ROOT}/Target Support Files/Pods-muslim/Pods-muslim-frameworks-${CONFIGURATION}-input-files.xcfilelist",
			);
			name = "[CP] Embed Pods Frameworks";
			outputFileListPaths = (
				"${PODS_ROOT}/Target Support Files/Pods-muslim/Pods-muslim-frameworks-${CONFIGURATION}-output-files.xcfilelist",
			);
			runOnlyForDeploymentPostprocessing = 0;
			shellPath = /bin/sh;
			shellScript = "\"${PODS_ROOT}/Target Support Files/Pods-muslim/Pods-muslim-frameworks.sh\"\n";
			showEnvVarsInLog = 0;
		};
/* End PBXShellScriptBuildPhase section */

/* Begin PBXSourcesBuildPhase section */
		AA984BBA257E1B560008E31D /* Sources */ = {
			isa = PBXSourcesBuildPhase;
			buildActionMask = 2147483647;
			files = (
				AA227C0C2581D00000B205E5 /* MainQiblaCell.swift in Sources */,
				AA984C6E257E6F3E0008E31D /* UIMLabelNote.swift in Sources */,
				AA16EDF125BDCB0E007F77C9 /* QuranVerseInteractor.swift in Sources */,
				AA984C16257E35A90008E31D /* MainRouter.swift in Sources */,
				AA6B577025B54AE9006A589A /* QuranProtocols.swift in Sources */,
				AA9C7E1725AB0E3B005A04AE /* AboutPresenter.swift in Sources */,
				AA9C7E1825AB0E3B005A04AE /* AboutRouter.swift in Sources */,
				AA686CAA2580980F00040110 /* MainTimeTableCell.swift in Sources */,
				AA99AB09257FC9750050C92D /* Localizable.swift in Sources */,
				AA984C4D257E63230008E31D /* UIimage+Ext.swift in Sources */,
				AA16EDF225BDCB0E007F77C9 /* QuranVerseView.swift in Sources */,
				AA984C48257E62B70008E31D /* Identifier.swift in Sources */,
				AA984C67257E693B0008E31D /* UIMColor.swift in Sources */,
				AA9C7E1925AB0E3B005A04AE /* AboutProtocols.swift in Sources */,
				AA686CA1258078F400040110 /* Constant.swift in Sources */,
				AA6B576F25B54AE9006A589A /* QuranRouter.swift in Sources */,
				AA16EDEF25BDCB0E007F77C9 /* QuranVerseRouter.swift in Sources */,
				AA227C18258271FA00B205E5 /* LocalNotificationX.swift in Sources */,
				AA984C74257E70350008E31D /* Debugger.swift in Sources */,
				AA16EDEE25BDCB0E007F77C9 /* QuranVersePresenter.swift in Sources */,
				AAA2575925B1D55D004B4B50 /* UIViewController+Ext.swift in Sources */,
				AA0343842585BA24007DE320 /* SceneDelegates.swift in Sources */,
				AA984C19257E35A90008E31D /* MainView.swift in Sources */,
				AA984C23257E38B50008E31D /* SceneDelegate.swift in Sources */,
				AA984C17257E35A90008E31D /* MainProtocols.swift in Sources */,
				AA984C55257E64F50008E31D /* MainClockCell.swift in Sources */,
				AA984BC2257E1B560008E31D /* AppDelegate.swift in Sources */,
				AA984C18257E35A90008E31D /* MainInteractor.swift in Sources */,
				AA03437A2585B460007DE320 /* CompositeAppDelegate.swift in Sources */,
				AA0503B9257F8CD9007A1CD4 /* Parser.swift in Sources */,
				AA504AEE25B9D5E200CFAD60 /* QuranManager.swift in Sources */,
				AA6B577125B54AE9006A589A /* QuranInteractor.swift in Sources */,
				AA03437E2585B659007DE320 /* AppDelegates.swift in Sources */,
				AA984C60257E68650008E31D /* UIMLabelTitle.swift in Sources */,
				AA99AAFF257FC50C0050C92D /* MuslimPrayerTimes.swift in Sources */,
				AA16EDE125BD6E27007F77C9 /* QuranDefaultCell.swift in Sources */,
				AA984C5C257E67400008E31D /* UIMFont.swift in Sources */,
				AA9C7E1B25AB0E3B005A04AE /* AboutView.swift in Sources */,
				AA0343812585B79F007DE320 /* CompositeSceneDelegate.swift in Sources */,
				AA6B576E25B54AE9006A589A /* QuranPresenter.swift in Sources */,
				AA984C63257E69100008E31D /* UIMLabelBody.swift in Sources */,
				AA984C71257E700E0008E31D /* UIColor+Ext.swift in Sources */,
				AA9C7E1A25AB0E3B005A04AE /* AboutInteractor.swift in Sources */,
				AA16EDF025BDCB0E007F77C9 /* QuranVerseProtocols.swift in Sources */,
				AAA2573E25B16555004B4B50 /* PrayerManager.swift in Sources */,
				AA984C6B257E6A610008E31D /* String+Ext.swift in Sources */,
				AA984C15257E35A90008E31D /* MainPresenter.swift in Sources */,
				AA16EDF725BDCB53007F77C9 /* QuranVerseDefaultCell.swift in Sources */,
				AA6B577225B54AE9006A589A /* QuranView.swift in Sources */,
				AA99AB06257FC9500050C92D /* LocalizableDelegate.swift in Sources */,
				AA03438C25861FE5007DE320 /* AppLifecycleMediator.swift in Sources */,
				AA686C9D258075CB00040110 /* Int+Ext.swift in Sources */,
			);
			runOnlyForDeploymentPostprocessing = 0;
		};
/* End PBXSourcesBuildPhase section */

/* Begin XCBuildConfiguration section */
		AA984BD0257E1B560008E31D /* Debug */ = {
			isa = XCBuildConfiguration;
			buildSettings = {
				ALWAYS_SEARCH_USER_PATHS = NO;
				CLANG_ANALYZER_NONNULL = YES;
				CLANG_ANALYZER_NUMBER_OBJECT_CONVERSION = YES_AGGRESSIVE;
				CLANG_CXX_LANGUAGE_STANDARD = "gnu++14";
				CLANG_CXX_LIBRARY = "libc++";
				CLANG_ENABLE_MODULES = YES;
				CLANG_ENABLE_OBJC_ARC = YES;
				CLANG_ENABLE_OBJC_WEAK = YES;
				CLANG_WARN_BLOCK_CAPTURE_AUTORELEASING = YES;
				CLANG_WARN_BOOL_CONVERSION = YES;
				CLANG_WARN_COMMA = YES;
				CLANG_WARN_CONSTANT_CONVERSION = YES;
				CLANG_WARN_DEPRECATED_OBJC_IMPLEMENTATIONS = YES;
				CLANG_WARN_DIRECT_OBJC_ISA_USAGE = YES_ERROR;
				CLANG_WARN_DOCUMENTATION_COMMENTS = YES;
				CLANG_WARN_EMPTY_BODY = YES;
				CLANG_WARN_ENUM_CONVERSION = YES;
				CLANG_WARN_INFINITE_RECURSION = YES;
				CLANG_WARN_INT_CONVERSION = YES;
				CLANG_WARN_NON_LITERAL_NULL_CONVERSION = YES;
				CLANG_WARN_OBJC_IMPLICIT_RETAIN_SELF = YES;
				CLANG_WARN_OBJC_LITERAL_CONVERSION = YES;
				CLANG_WARN_OBJC_ROOT_CLASS = YES_ERROR;
				CLANG_WARN_QUOTED_INCLUDE_IN_FRAMEWORK_HEADER = YES;
				CLANG_WARN_RANGE_LOOP_ANALYSIS = YES;
				CLANG_WARN_STRICT_PROTOTYPES = YES;
				CLANG_WARN_SUSPICIOUS_MOVE = YES;
				CLANG_WARN_UNGUARDED_AVAILABILITY = YES_AGGRESSIVE;
				CLANG_WARN_UNREACHABLE_CODE = YES;
				CLANG_WARN__DUPLICATE_METHOD_MATCH = YES;
				COPY_PHASE_STRIP = NO;
				DEBUG_INFORMATION_FORMAT = "dwarf-with-dsym";
				ENABLE_STRICT_OBJC_MSGSEND = YES;
				ENABLE_TESTABILITY = YES;
				GCC_C_LANGUAGE_STANDARD = gnu11;
				GCC_DYNAMIC_NO_PIC = NO;
				GCC_NO_COMMON_BLOCKS = YES;
				GCC_OPTIMIZATION_LEVEL = 0;
				GCC_PREPROCESSOR_DEFINITIONS = (
					"DEBUG=1",
					"$(inherited)",
				);
				GCC_WARN_64_TO_32_BIT_CONVERSION = YES;
				GCC_WARN_ABOUT_RETURN_TYPE = YES_ERROR;
				GCC_WARN_UNDECLARED_SELECTOR = YES;
				GCC_WARN_UNINITIALIZED_AUTOS = YES_AGGRESSIVE;
				GCC_WARN_UNUSED_FUNCTION = YES;
				GCC_WARN_UNUSED_VARIABLE = YES;
				IPHONEOS_DEPLOYMENT_TARGET = 14.2;
				MTL_ENABLE_DEBUG_INFO = INCLUDE_SOURCE;
				MTL_FAST_MATH = YES;
				ONLY_ACTIVE_ARCH = YES;
				SDKROOT = iphoneos;
				SWIFT_ACTIVE_COMPILATION_CONDITIONS = DEBUG;
				SWIFT_OPTIMIZATION_LEVEL = "-Onone";
			};
			name = Debug;
		};
		AA984BD1257E1B560008E31D /* Release */ = {
			isa = XCBuildConfiguration;
			buildSettings = {
				ALWAYS_SEARCH_USER_PATHS = NO;
				CLANG_ANALYZER_NONNULL = YES;
				CLANG_ANALYZER_NUMBER_OBJECT_CONVERSION = YES_AGGRESSIVE;
				CLANG_CXX_LANGUAGE_STANDARD = "gnu++14";
				CLANG_CXX_LIBRARY = "libc++";
				CLANG_ENABLE_MODULES = YES;
				CLANG_ENABLE_OBJC_ARC = YES;
				CLANG_ENABLE_OBJC_WEAK = YES;
				CLANG_WARN_BLOCK_CAPTURE_AUTORELEASING = YES;
				CLANG_WARN_BOOL_CONVERSION = YES;
				CLANG_WARN_COMMA = YES;
				CLANG_WARN_CONSTANT_CONVERSION = YES;
				CLANG_WARN_DEPRECATED_OBJC_IMPLEMENTATIONS = YES;
				CLANG_WARN_DIRECT_OBJC_ISA_USAGE = YES_ERROR;
				CLANG_WARN_DOCUMENTATION_COMMENTS = YES;
				CLANG_WARN_EMPTY_BODY = YES;
				CLANG_WARN_ENUM_CONVERSION = YES;
				CLANG_WARN_INFINITE_RECURSION = YES;
				CLANG_WARN_INT_CONVERSION = YES;
				CLANG_WARN_NON_LITERAL_NULL_CONVERSION = YES;
				CLANG_WARN_OBJC_IMPLICIT_RETAIN_SELF = YES;
				CLANG_WARN_OBJC_LITERAL_CONVERSION = YES;
				CLANG_WARN_OBJC_ROOT_CLASS = YES_ERROR;
				CLANG_WARN_QUOTED_INCLUDE_IN_FRAMEWORK_HEADER = YES;
				CLANG_WARN_RANGE_LOOP_ANALYSIS = YES;
				CLANG_WARN_STRICT_PROTOTYPES = YES;
				CLANG_WARN_SUSPICIOUS_MOVE = YES;
				CLANG_WARN_UNGUARDED_AVAILABILITY = YES_AGGRESSIVE;
				CLANG_WARN_UNREACHABLE_CODE = YES;
				CLANG_WARN__DUPLICATE_METHOD_MATCH = YES;
				COPY_PHASE_STRIP = NO;
				DEBUG_INFORMATION_FORMAT = "dwarf-with-dsym";
				ENABLE_NS_ASSERTIONS = NO;
				ENABLE_STRICT_OBJC_MSGSEND = YES;
				GCC_C_LANGUAGE_STANDARD = gnu11;
				GCC_NO_COMMON_BLOCKS = YES;
				GCC_WARN_64_TO_32_BIT_CONVERSION = YES;
				GCC_WARN_ABOUT_RETURN_TYPE = YES_ERROR;
				GCC_WARN_UNDECLARED_SELECTOR = YES;
				GCC_WARN_UNINITIALIZED_AUTOS = YES_AGGRESSIVE;
				GCC_WARN_UNUSED_FUNCTION = YES;
				GCC_WARN_UNUSED_VARIABLE = YES;
				IPHONEOS_DEPLOYMENT_TARGET = 14.2;
				MTL_ENABLE_DEBUG_INFO = NO;
				MTL_FAST_MATH = YES;
				SDKROOT = iphoneos;
				SWIFT_COMPILATION_MODE = wholemodule;
				SWIFT_OPTIMIZATION_LEVEL = "-O";
				VALIDATE_PRODUCT = YES;
			};
			name = Release;
		};
		AA984BD3257E1B560008E31D /* Debug */ = {
			isa = XCBuildConfiguration;
			baseConfigurationReference = DFA87B65178B0D54D6B617EA /* Pods-muslim.debug.xcconfig */;
			buildSettings = {
				ASSETCATALOG_COMPILER_APPICON_NAME = AppIcon;
				ASSETCATALOG_COMPILER_GLOBAL_ACCENT_COLOR_NAME = AccentColor;
				CODE_SIGN_STYLE = Automatic;
				DEVELOPMENT_TEAM = VC83XAQ3UM;
				INFOPLIST_FILE = muslim/Info.plist;
				IPHONEOS_DEPLOYMENT_TARGET = 11.0;
				LD_RUNPATH_SEARCH_PATHS = (
					"$(inherited)",
					"@executable_path/Frameworks",
				);
				MARKETING_VERSION = 1.0.1;
				PRODUCT_BUNDLE_IDENTIFIER = com.ranggaleoo.muslim;
				PRODUCT_NAME = "$(TARGET_NAME)";
				SWIFT_VERSION = 5.0;
				TARGETED_DEVICE_FAMILY = "1,2";
			};
			name = Debug;
		};
		AA984BD4257E1B560008E31D /* Release */ = {
			isa = XCBuildConfiguration;
			baseConfigurationReference = F50D781C48D2CD6162E6F581 /* Pods-muslim.release.xcconfig */;
			buildSettings = {
				ASSETCATALOG_COMPILER_APPICON_NAME = AppIcon;
				ASSETCATALOG_COMPILER_GLOBAL_ACCENT_COLOR_NAME = AccentColor;
				CODE_SIGN_STYLE = Automatic;
				DEVELOPMENT_TEAM = VC83XAQ3UM;
				INFOPLIST_FILE = muslim/Info.plist;
				IPHONEOS_DEPLOYMENT_TARGET = 11.0;
				LD_RUNPATH_SEARCH_PATHS = (
					"$(inherited)",
					"@executable_path/Frameworks",
				);
				MARKETING_VERSION = 1.0.1;
				PRODUCT_BUNDLE_IDENTIFIER = com.ranggaleoo.muslim;
				PRODUCT_NAME = "$(TARGET_NAME)";
				SWIFT_VERSION = 5.0;
				TARGETED_DEVICE_FAMILY = "1,2";
			};
			name = Release;
		};
/* End XCBuildConfiguration section */

/* Begin XCConfigurationList section */
		AA984BB9257E1B560008E31D /* Build configuration list for PBXProject "muslim" */ = {
			isa = XCConfigurationList;
			buildConfigurations = (
				AA984BD0257E1B560008E31D /* Debug */,
				AA984BD1257E1B560008E31D /* Release */,
			);
			defaultConfigurationIsVisible = 0;
			defaultConfigurationName = Release;
		};
		AA984BD2257E1B560008E31D /* Build configuration list for PBXNativeTarget "muslim" */ = {
			isa = XCConfigurationList;
			buildConfigurations = (
				AA984BD3257E1B560008E31D /* Debug */,
				AA984BD4257E1B560008E31D /* Release */,
			);
			defaultConfigurationIsVisible = 0;
			defaultConfigurationName = Release;
		};
/* End XCConfigurationList section */
	};
	rootObject = AA984BB6257E1B560008E31D /* Project object */;
}
